
Microsoft Visual Studio Solution File, Format Version 12.00
# Visual Studio 14
VisualStudioVersion = 14.0.25420.1
MinimumVisualStudioVersion = 10.0.40219.1
Project("{2150E333-8FDC-42A3-9474-1A3956D46DE8}") = "src", "src", "{5E4DFDF2-D3C5-4C34-A6E6-4C8D913D0B3B}"
EndProject
Project("{2150E333-8FDC-42A3-9474-1A3956D46DE8}") = "Solution Items", "Solution Items", "{6FE5EE14-CBC0-452D-B095-0A21BB6A7241}"
	ProjectSection(SolutionItems) = preProject
		global.json = global.json
	EndProjectSection
EndProject
Project("{FAE04EC0-301F-11D3-BF4B-00C04F79EFBC}") = "Jsonsong.App.Common", "Jsonsong.App.Common\Jsonsong.App.Common.csproj", "{E03FB358-D28B-467D-9E6E-BE55769365CF}"
EndProject
Project("{2150E333-8FDC-42A3-9474-1A3956D46DE8}") = "1.Dal", "1.Dal", "{B6B44671-4575-4B14-95BF-AB75FC9839DB}"
EndProject
Project("{8BB2217D-0F2D-49D1-97BC-3654ED321F3B}") = "Jsonsong.Api.Product", "src\Jsonsong.Api.Product\Jsonsong.Api.Product.xproj", "{498355B8-05C5-4ACC-8097-2F81AB9AD632}"
EndProject
Project("{FAE04EC0-301F-11D3-BF4B-00C04F79EFBC}") = "Jsonsong.Dal.Common", "Jsonsong.Dal.Common\Jsonsong.Dal.Common.csproj", "{8F48B3E8-8076-4981-B6EA-62411D1B5908}"
EndProject
Project("{2150E333-8FDC-42A3-9474-1A3956D46DE8}") = "9.Test", "9.Test", "{4E5BA552-E017-4D25-A812-365CECC97257}"
EndProject
Project("{2150E333-8FDC-42A3-9474-1A3956D46DE8}") = "2.Model", "2.Model", "{B1AE41CE-D651-431F-9132-89034897969B}"
EndProject
Project("{FAE04EC0-301F-11D3-BF4B-00C04F79EFBC}") = "Jsonsong.Test.Temp", "Jsonsong.Test.Temp\Jsonsong.Test.Temp.csproj", "{FFD9AF54-788C-4230-8775-15DF48A2F9C2}"
EndProject
Project("{FAE04EC0-301F-11D3-BF4B-00C04F79EFBC}") = "Jsonsong.Test.Must", "Jsonsong.Test.Must\Jsonsong.Test.Must.csproj", "{61B70445-EB19-49FF-AB10-7E99F814D762}"
EndProject
Project("{2150E333-8FDC-42A3-9474-1A3956D46DE8}") = "3.App", "3.App", "{671623CD-F04F-4A62-9CAC-A34A5F6E62BD}"
EndProject
Project("{FAE04EC0-301F-11D3-BF4B-00C04F79EFBC}") = "Jsonsong.Dal.Mall", "Jsonsong.Dal.Mall\Jsonsong.Dal.Mall.csproj", "{B2CB2F22-2775-4CD4-97B8-4599FAF449CA}"
EndProject
Global
	GlobalSection(SolutionConfigurationPlatforms) = preSolution
		Debug|Any CPU = Debug|Any CPU
		Release|Any CPU = Release|Any CPU
	EndGlobalSection
	GlobalSection(ProjectConfigurationPlatforms) = postSolution
		{E03FB358-D28B-467D-9E6E-BE55769365CF}.Debug|Any CPU.ActiveCfg = Debug|Any CPU
		{E03FB358-D28B-467D-9E6E-BE55769365CF}.Debug|Any CPU.Build.0 = Debug|Any CPU
		{E03FB358-D28B-467D-9E6E-BE55769365CF}.Release|Any CPU.ActiveCfg = Release|Any CPU
		{E03FB358-D28B-467D-9E6E-BE55769365CF}.Release|Any CPU.Build.0 = Release|Any CPU
		{498355B8-05C5-4ACC-8097-2F81AB9AD632}.Debug|Any CPU.ActiveCfg = Debug|Any CPU
		{498355B8-05C5-4ACC-8097-2F81AB9AD632}.Debug|Any CPU.Build.0 = Debug|Any CPU
		{498355B8-05C5-4ACC-8097-2F81AB9AD632}.Release|Any CPU.ActiveCfg = Release|Any CPU
		{498355B8-05C5-4ACC-8097-2F81AB9AD632}.Release|Any CPU.Build.0 = Release|Any CPU
		{8F48B3E8-8076-4981-B6EA-62411D1B5908}.Debug|Any CPU.ActiveCfg = Debug|Any CPU
		{8F48B3E8-8076-4981-B6EA-62411D1B5908}.Debug|Any CPU.Build.0 = Debug|Any CPU
		{8F48B3E8-8076-4981-B6EA-62411D1B5908}.Release|Any CPU.ActiveCfg = Release|Any CPU
		{8F48B3E8-8076-4981-B6EA-62411D1B5908}.Release|Any CPU.Build.0 = Release|Any CPU
		{FFD9AF54-788C-4230-8775-15DF48A2F9C2}.Debug|Any CPU.ActiveCfg = Debug|Any CPU
		{FFD9AF54-788C-4230-8775-15DF48A2F9C2}.Debug|Any CPU.Build.0 = Debug|Any CPU
		{FFD9AF54-788C-4230-8775-15DF48A2F9C2}.Release|Any CPU.ActiveCfg = Release|Any CPU
		{FFD9AF54-788C-4230-8775-15DF48A2F9C2}.Release|Any CPU.Build.0 = Release|Any CPU
		{61B70445-EB19-49FF-AB10-7E99F814D762}.Debug|Any CPU.ActiveCfg = Debug|Any CPU
		{61B70445-EB19-49FF-AB10-7E99F814D762}.Debug|Any CPU.Build.0 = Debug|Any CPU
		{61B70445-EB19-49FF-AB10-7E99F814D762}.Release|Any CPU.ActiveCfg = Release|Any CPU
		{61B70445-EB19-49FF-AB10-7E99F814D762}.Release|Any CPU.Build.0 = Release|Any CPU
		{B2CB2F22-2775-4CD4-97B8-4599FAF449CA}.Debug|Any CPU.ActiveCfg = Debug|Any CPU
		{B2CB2F22-2775-4CD4-97B8-4599FAF449CA}.Debug|Any CPU.Build.0 = Debug|Any CPU
		{B2CB2F22-2775-4CD4-97B8-4599FAF449CA}.Release|Any CPU.ActiveCfg = Release|Any CPU
		{B2CB2F22-2775-4CD4-97B8-4599FAF449CA}.Release|Any CPU.Build.0 = Release|Any CPU
	EndGlobalSection
	GlobalSection(SolutionProperties) = preSolution
		HideSolutionNode = FALSE
	EndGlobalSection
	GlobalSection(NestedProjects) = preSolution
		{E03FB358-D28B-467D-9E6E-BE55769365CF} = {671623CD-F04F-4A62-9CAC-A34A5F6E62BD}
		{498355B8-05C5-4ACC-8097-2F81AB9AD632} = {5E4DFDF2-D3C5-4C34-A6E6-4C8D913D0B3B}
		{8F48B3E8-8076-4981-B6EA-62411D1B5908} = {B6B44671-4575-4B14-95BF-AB75FC9839DB}
		{FFD9AF54-788C-4230-8775-15DF48A2F9C2} = {4E5BA552-E017-4D25-A812-365CECC97257}
		{61B70445-EB19-49FF-AB10-7E99F814D762} = {4E5BA552-E017-4D25-A812-365CECC97257}
		{B2CB2F22-2775-4CD4-97B8-4599FAF449CA} = {B6B44671-4575-4B14-95BF-AB75FC9839DB}
	EndGlobalSection
EndGlobal
